
Microsoft Visual Studio Solution File, Format Version 12.00
# Visual Studio 14
VisualStudioVersion = 14.0.25420.1
MinimumVisualStudioVersion = 10.0.40219.1
Project("{2150E333-8FDC-42A3-9474-1A3956D46DE8}") = "0 - Apresentação", "0 - Apresentação", "{4DC2E84E-EA0A-4F37-A092-59471B917DC5}"
EndProject
Project("{2150E333-8FDC-42A3-9474-1A3956D46DE8}") = "1 - Aplicacao", "1 - Aplicacao", "{85B35071-BABA-48C7-82D7-C3085407094D}"
EndProject
Project("{2150E333-8FDC-42A3-9474-1A3956D46DE8}") = "2 - Dominio", "2 - Dominio", "{3C1E031C-FAC0-4E3D-9A97-ED85C06FA1E9}"
EndProject
Project("{2150E333-8FDC-42A3-9474-1A3956D46DE8}") = "3 - Infra", "3 - Infra", "{A6E668EA-CDF3-439D-BFE1-29FB497BDACA}"
EndProject
Project("{2150E333-8FDC-42A3-9474-1A3956D46DE8}") = "4 - IoC", "4 - IoC", "{4EEBCD8F-BB43-4F56-990B-D3B25DBEFEED}"
EndProject
Project("{FAE04EC0-301F-11D3-BF4B-00C04F79EFBC}") = "CargaCEP.Services", "CargaCEP.Services\CargaCEP.Services.csproj", "{8BB69D34-560C-412C-8FB1-2C0244E2DEE9}"
EndProject
Project("{2150E333-8FDC-42A3-9474-1A3956D46DE8}") = "2.1 - Nucleo", "2.1 - Nucleo", "{78B4443C-AF5F-4F4E-BFBE-BD10E76FD000}"
EndProject
Project("{2150E333-8FDC-42A3-9474-1A3956D46DE8}") = "2.2 - Entidade", "2.2 - Entidade", "{65B92DE8-D1CE-4060-988B-98197C1E1378}"
EndProject
Project("{2150E333-8FDC-42A3-9474-1A3956D46DE8}") = "2.3 - Interface", "2.3 - Interface", "{F1466407-98C5-4D71-82D8-F4701390E099}"
EndProject
Project("{2150E333-8FDC-42A3-9474-1A3956D46DE8}") = "3.1 - Data", "3.1 - Data", "{CF59A76A-4DE2-412E-A712-42A3B93FAF92}"
EndProject
Project("{2150E333-8FDC-42A3-9474-1A3956D46DE8}") = "3.2 - Util", "3.2 - Util", "{A4D88670-7450-4978-A328-4C8522B0D976}"
EndProject
Project("{FAE04EC0-301F-11D3-BF4B-00C04F79EFBC}") = "CargaCEP.Infra.Util", "CargaCEP.Infra.Util\CargaCEP.Infra.Util.csproj", "{4F2A833E-0363-453B-BB12-DFB198D44CAE}"
EndProject
Project("{FAE04EC0-301F-11D3-BF4B-00C04F79EFBC}") = "CargaCEP.IoC", "CargaCEP.IoC\CargaCEP.IoC.csproj", "{BCF56220-4E30-48A9-B24B-2D7296306955}"
EndProject
Project("{FAE04EC0-301F-11D3-BF4B-00C04F79EFBC}") = "CargaCEP.Dominio.Processo", "CargaCEP.Dominio.Processo\CargaCEP.Dominio.Processo.csproj", "{93922C29-128C-4D87-BFBF-E7519E59F521}"
EndProject
Project("{FAE04EC0-301F-11D3-BF4B-00C04F79EFBC}") = "CargaCEP.Aplicacao", "CargaCEP.Aplicacao\CargaCEP.Aplicacao.csproj", "{3A068E54-C175-4609-AD9E-2AB09E54713A}"
EndProject
Project("{FAE04EC0-301F-11D3-BF4B-00C04F79EFBC}") = "CargaCEP.Dominio.Repositorio", "CargaCEP.Dominio.Repositorio\CargaCEP.Dominio.Repositorio.csproj", "{A50A8941-CB69-4CB0-AEB6-7761B7E6E7DE}"
EndProject
Project("{FAE04EC0-301F-11D3-BF4B-00C04F79EFBC}") = "CargaCEP.Infra.Data", "CargaCEP.Infra.Data\CargaCEP.Infra.Data.csproj", "{CE3BE501-2F23-4280-B77A-283CCDC48C27}"
EndProject
Project("{FAE04EC0-301F-11D3-BF4B-00C04F79EFBC}") = "CargaCEP.Dominio.Nucleo", "CargaCEP.Dominio.Nucleo\CargaCEP.Dominio.Nucleo.csproj", "{ACAB6CCD-563B-4D12-A0AD-EB24E0A137E5}"
EndProject
Project("{FAE04EC0-301F-11D3-BF4B-00C04F79EFBC}") = "CargaCEP.Dominio.Entidade", "CargaCEP.Dominio.Entidade\CargaCEP.Dominio.Entidade.csproj", "{FA987598-DFFD-40CB-B522-810939ACAAE0}"
EndProject
Global
	GlobalSection(SolutionConfigurationPlatforms) = preSolution
		Debug|Any CPU = Debug|Any CPU
		Release|Any CPU = Release|Any CPU
	EndGlobalSection
	GlobalSection(ProjectConfigurationPlatforms) = postSolution
		{8BB69D34-560C-412C-8FB1-2C0244E2DEE9}.Debug|Any CPU.ActiveCfg = Debug|Any CPU
		{8BB69D34-560C-412C-8FB1-2C0244E2DEE9}.Debug|Any CPU.Build.0 = Debug|Any CPU
		{8BB69D34-560C-412C-8FB1-2C0244E2DEE9}.Release|Any CPU.ActiveCfg = Release|Any CPU
		{8BB69D34-560C-412C-8FB1-2C0244E2DEE9}.Release|Any CPU.Build.0 = Release|Any CPU
		{4F2A833E-0363-453B-BB12-DFB198D44CAE}.Debug|Any CPU.ActiveCfg = Debug|Any CPU
		{4F2A833E-0363-453B-BB12-DFB198D44CAE}.Debug|Any CPU.Build.0 = Debug|Any CPU
		{4F2A833E-0363-453B-BB12-DFB198D44CAE}.Release|Any CPU.ActiveCfg = Release|Any CPU
		{4F2A833E-0363-453B-BB12-DFB198D44CAE}.Release|Any CPU.Build.0 = Release|Any CPU
		{BCF56220-4E30-48A9-B24B-2D7296306955}.Debug|Any CPU.ActiveCfg = Debug|Any CPU
		{BCF56220-4E30-48A9-B24B-2D7296306955}.Debug|Any CPU.Build.0 = Debug|Any CPU
		{BCF56220-4E30-48A9-B24B-2D7296306955}.Release|Any CPU.ActiveCfg = Release|Any CPU
		{BCF56220-4E30-48A9-B24B-2D7296306955}.Release|Any CPU.Build.0 = Release|Any CPU
		{93922C29-128C-4D87-BFBF-E7519E59F521}.Debug|Any CPU.ActiveCfg = Debug|Any CPU
		{93922C29-128C-4D87-BFBF-E7519E59F521}.Debug|Any CPU.Build.0 = Debug|Any CPU
		{93922C29-128C-4D87-BFBF-E7519E59F521}.Release|Any CPU.ActiveCfg = Release|Any CPU
		{93922C29-128C-4D87-BFBF-E7519E59F521}.Release|Any CPU.Build.0 = Release|Any CPU
		{3A068E54-C175-4609-AD9E-2AB09E54713A}.Debug|Any CPU.ActiveCfg = Debug|Any CPU
		{3A068E54-C175-4609-AD9E-2AB09E54713A}.Debug|Any CPU.Build.0 = Debug|Any CPU
		{3A068E54-C175-4609-AD9E-2AB09E54713A}.Release|Any CPU.ActiveCfg = Release|Any CPU
		{3A068E54-C175-4609-AD9E-2AB09E54713A}.Release|Any CPU.Build.0 = Release|Any CPU
		{A50A8941-CB69-4CB0-AEB6-7761B7E6E7DE}.Debug|Any CPU.ActiveCfg = Debug|Any CPU
		{A50A8941-CB69-4CB0-AEB6-7761B7E6E7DE}.Debug|Any CPU.Build.0 = Debug|Any CPU
		{A50A8941-CB69-4CB0-AEB6-7761B7E6E7DE}.Release|Any CPU.ActiveCfg = Release|Any CPU
		{A50A8941-CB69-4CB0-AEB6-7761B7E6E7DE}.Release|Any CPU.Build.0 = Release|Any CPU
		{CE3BE501-2F23-4280-B77A-283CCDC48C27}.Debug|Any CPU.ActiveCfg = Debug|Any CPU
		{CE3BE501-2F23-4280-B77A-283CCDC48C27}.Debug|Any CPU.Build.0 = Debug|Any CPU
		{CE3BE501-2F23-4280-B77A-283CCDC48C27}.Release|Any CPU.ActiveCfg = Release|Any CPU
		{CE3BE501-2F23-4280-B77A-283CCDC48C27}.Release|Any CPU.Build.0 = Release|Any CPU
		{ACAB6CCD-563B-4D12-A0AD-EB24E0A137E5}.Debug|Any CPU.ActiveCfg = Debug|Any CPU
		{ACAB6CCD-563B-4D12-A0AD-EB24E0A137E5}.Debug|Any CPU.Build.0 = Debug|Any CPU
		{ACAB6CCD-563B-4D12-A0AD-EB24E0A137E5}.Release|Any CPU.ActiveCfg = Release|Any CPU
		{ACAB6CCD-563B-4D12-A0AD-EB24E0A137E5}.Release|Any CPU.Build.0 = Release|Any CPU
		{FA987598-DFFD-40CB-B522-810939ACAAE0}.Debug|Any CPU.ActiveCfg = Debug|Any CPU
		{FA987598-DFFD-40CB-B522-810939ACAAE0}.Debug|Any CPU.Build.0 = Debug|Any CPU
		{FA987598-DFFD-40CB-B522-810939ACAAE0}.Release|Any CPU.ActiveCfg = Release|Any CPU
		{FA987598-DFFD-40CB-B522-810939ACAAE0}.Release|Any CPU.Build.0 = Release|Any CPU
	EndGlobalSection
	GlobalSection(SolutionProperties) = preSolution
		HideSolutionNode = FALSE
	EndGlobalSection
	GlobalSection(NestedProjects) = preSolution
		{8BB69D34-560C-412C-8FB1-2C0244E2DEE9} = {4DC2E84E-EA0A-4F37-A092-59471B917DC5}
		{78B4443C-AF5F-4F4E-BFBE-BD10E76FD000} = {3C1E031C-FAC0-4E3D-9A97-ED85C06FA1E9}
		{65B92DE8-D1CE-4060-988B-98197C1E1378} = {3C1E031C-FAC0-4E3D-9A97-ED85C06FA1E9}
		{F1466407-98C5-4D71-82D8-F4701390E099} = {3C1E031C-FAC0-4E3D-9A97-ED85C06FA1E9}
		{CF59A76A-4DE2-412E-A712-42A3B93FAF92} = {A6E668EA-CDF3-439D-BFE1-29FB497BDACA}
		{A4D88670-7450-4978-A328-4C8522B0D976} = {A6E668EA-CDF3-439D-BFE1-29FB497BDACA}
		{4F2A833E-0363-453B-BB12-DFB198D44CAE} = {A4D88670-7450-4978-A328-4C8522B0D976}
		{BCF56220-4E30-48A9-B24B-2D7296306955} = {4EEBCD8F-BB43-4F56-990B-D3B25DBEFEED}
		{93922C29-128C-4D87-BFBF-E7519E59F521} = {F1466407-98C5-4D71-82D8-F4701390E099}
		{3A068E54-C175-4609-AD9E-2AB09E54713A} = {85B35071-BABA-48C7-82D7-C3085407094D}
		{A50A8941-CB69-4CB0-AEB6-7761B7E6E7DE} = {F1466407-98C5-4D71-82D8-F4701390E099}
		{CE3BE501-2F23-4280-B77A-283CCDC48C27} = {CF59A76A-4DE2-412E-A712-42A3B93FAF92}
		{ACAB6CCD-563B-4D12-A0AD-EB24E0A137E5} = {78B4443C-AF5F-4F4E-BFBE-BD10E76FD000}
		{FA987598-DFFD-40CB-B522-810939ACAAE0} = {65B92DE8-D1CE-4060-988B-98197C1E1378}
	EndGlobalSection
EndGlobal
